// !$*UTF8*$!
{
	archiveVersion = 1;
	classes = {
	};
	objectVersion = 46;
	objects = {

/* Begin PBXBuildFile section */
		7034F0B71BCFBA2700689FB0 /* LaunchScreen.xib in Resources */ = {isa = PBXBuildFile; fileRef = 7034F0B61BCFBA2700689FB0 /* LaunchScreen.xib */; settings = {ASSET_TAGS = (); }; };
		8C610DEA19B43B84004A5E32 /* Images.xcassets in Resources */ = {isa = PBXBuildFile; fileRef = 8C610DE919B43B84004A5E32 /* Images.xcassets */; };
		8C610E0619B43C53004A5E32 /* AppDelegate.swift in Sources */ = {isa = PBXBuildFile; fileRef = 8C610E0019B43C53004A5E32 /* AppDelegate.swift */; };
		8C610E0719B43C53004A5E32 /* Constants.swift in Sources */ = {isa = PBXBuildFile; fileRef = 8C610E0119B43C53004A5E32 /* Constants.swift */; };
		8C610E0819B43C53004A5E32 /* LoginViewController.swift in Sources */ = {isa = PBXBuildFile; fileRef = 8C610E0219B43C53004A5E32 /* LoginViewController.swift */; };
		8C610E0919B43C53004A5E32 /* RegisterViewController.swift in Sources */ = {isa = PBXBuildFile; fileRef = 8C610E0319B43C53004A5E32 /* RegisterViewController.swift */; };
		8C610E0A19B43C53004A5E32 /* UploadImageViewController.swift in Sources */ = {isa = PBXBuildFile; fileRef = 8C610E0419B43C53004A5E32 /* UploadImageViewController.swift */; };
		8C610E0B19B43C53004A5E32 /* WallPicturesViewController.swift in Sources */ = {isa = PBXBuildFile; fileRef = 8C610E0519B43C53004A5E32 /* WallPicturesViewController.swift */; };
		A7DFD371B53E95B4053FBB66 /* libPods-AVOSPhotoWall-Swift.a in Frameworks */ = {isa = PBXBuildFile; fileRef = 8C1AE3F3730C00E85D86D7B8 /* libPods-AVOSPhotoWall-Swift.a */; };
/* End PBXBuildFile section */

/* Begin PBXFileReference section */
		1E8EA8860326E58B53AC9CB1 /* Pods-AVOSPhotoWall-Swift.release.xcconfig */ = {isa = PBXFileReference; includeInIndex = 1; lastKnownFileType = text.xcconfig; name = "Pods-AVOSPhotoWall-Swift.release.xcconfig"; path = "Pods/Target Support Files/Pods-AVOSPhotoWall-Swift/Pods-AVOSPhotoWall-Swift.release.xcconfig"; sourceTree = "<group>"; };
		7034F0B61BCFBA2700689FB0 /* LaunchScreen.xib */ = {isa = PBXFileReference; fileEncoding = 4; lastKnownFileType = file.xib; path = LaunchScreen.xib; sourceTree = "<group>"; };
		8C1AE3F3730C00E85D86D7B8 /* libPods-AVOSPhotoWall-Swift.a */ = {isa = PBXFileReference; explicitFileType = archive.ar; includeInIndex = 0; path = "libPods-AVOSPhotoWall-Swift.a"; sourceTree = BUILT_PRODUCTS_DIR; };
		8C610DDD19B43B84004A5E32 /* AVOSPhotoWall-Swift.app */ = {isa = PBXFileReference; explicitFileType = wrapper.application; includeInIndex = 0; path = "AVOSPhotoWall-Swift.app"; sourceTree = BUILT_PRODUCTS_DIR; };
		8C610DE119B43B84004A5E32 /* Info.plist */ = {isa = PBXFileReference; lastKnownFileType = text.plist.xml; path = Info.plist; sourceTree = "<group>"; };
		8C610DE919B43B84004A5E32 /* Images.xcassets */ = {isa = PBXFileReference; lastKnownFileType = folder.assetcatalog; path = Images.xcassets; sourceTree = "<group>"; };
		8C610DFF19B43C52004A5E32 /* AVOSPhotoWall-Swift-Bridging-Header.h */ = {isa = PBXFileReference; lastKnownFileType = sourcecode.c.h; path = "AVOSPhotoWall-Swift-Bridging-Header.h"; sourceTree = "<group>"; };
		8C610E0019B43C53004A5E32 /* AppDelegate.swift */ = {isa = PBXFileReference; fileEncoding = 4; lastKnownFileType = sourcecode.swift; path = AppDelegate.swift; sourceTree = "<group>"; };
		8C610E0119B43C53004A5E32 /* Constants.swift */ = {isa = PBXFileReference; fileEncoding = 4; lastKnownFileType = sourcecode.swift; path = Constants.swift; sourceTree = "<group>"; };
		8C610E0219B43C53004A5E32 /* LoginViewController.swift */ = {isa = PBXFileReference; fileEncoding = 4; lastKnownFileType = sourcecode.swift; path = LoginViewController.swift; sourceTree = "<group>"; };
		8C610E0319B43C53004A5E32 /* RegisterViewController.swift */ = {isa = PBXFileReference; fileEncoding = 4; lastKnownFileType = sourcecode.swift; path = RegisterViewController.swift; sourceTree = "<group>"; };
		8C610E0419B43C53004A5E32 /* UploadImageViewController.swift */ = {isa = PBXFileReference; fileEncoding = 4; lastKnownFileType = sourcecode.swift; path = UploadImageViewController.swift; sourceTree = "<group>"; };
		8C610E0519B43C53004A5E32 /* WallPicturesViewController.swift */ = {isa = PBXFileReference; fileEncoding = 4; lastKnownFileType = sourcecode.swift; path = WallPicturesViewController.swift; sourceTree = "<group>"; };
		C32D65F5F5E0ABE60D3CD369 /* Pods-AVOSPhotoWall-Swift.debug.xcconfig */ = {isa = PBXFileReference; includeInIndex = 1; lastKnownFileType = text.xcconfig; name = "Pods-AVOSPhotoWall-Swift.debug.xcconfig"; path = "Pods/Target Support Files/Pods-AVOSPhotoWall-Swift/Pods-AVOSPhotoWall-Swift.debug.xcconfig"; sourceTree = "<group>"; };
/* End PBXFileReference section */

/* Begin PBXFrameworksBuildPhase section */
		8C610DDA19B43B84004A5E32 /* Frameworks */ = {
			isa = PBXFrameworksBuildPhase;
			buildActionMask = 2147483647;
			files = (
				A7DFD371B53E95B4053FBB66 /* libPods-AVOSPhotoWall-Swift.a in Frameworks */,
			);
			runOnlyForDeploymentPostprocessing = 0;
		};
/* End PBXFrameworksBuildPhase section */

/* Begin PBXGroup section */
		7ED66924ACA96FB19C7973FF /* Pods */ = {
			isa = PBXGroup;
			children = (
				C32D65F5F5E0ABE60D3CD369 /* Pods-AVOSPhotoWall-Swift.debug.xcconfig */,
				1E8EA8860326E58B53AC9CB1 /* Pods-AVOSPhotoWall-Swift.release.xcconfig */,
			);
			name = Pods;
			sourceTree = "<group>";
		};
		8C610DD419B43B84004A5E32 = {
			isa = PBXGroup;
			children = (
				8C610DDF19B43B84004A5E32 /* AVOSPhotoWall-Swift */,
				8C610DDE19B43B84004A5E32 /* Products */,
				7ED66924ACA96FB19C7973FF /* Pods */,
				A8718518C118675AAE7008C9 /* Frameworks */,
			);
			sourceTree = "<group>";
		};
		8C610DDE19B43B84004A5E32 /* Products */ = {
			isa = PBXGroup;
			children = (
				8C610DDD19B43B84004A5E32 /* AVOSPhotoWall-Swift.app */,
			);
			name = Products;
			sourceTree = "<group>";
		};
		8C610DDF19B43B84004A5E32 /* AVOSPhotoWall-Swift */ = {
			isa = PBXGroup;
			children = (
				8C610E0019B43C53004A5E32 /* AppDelegate.swift */,
				8C610E0119B43C53004A5E32 /* Constants.swift */,
				8C610E0219B43C53004A5E32 /* LoginViewController.swift */,
				8C610E0319B43C53004A5E32 /* RegisterViewController.swift */,
				8C610E0419B43C53004A5E32 /* UploadImageViewController.swift */,
				8C610E0519B43C53004A5E32 /* WallPicturesViewController.swift */,
				8C610DE919B43B84004A5E32 /* Images.xcassets */,
				8C610DE019B43B84004A5E32 /* Supporting Files */,
				8C610DFF19B43C52004A5E32 /* AVOSPhotoWall-Swift-Bridging-Header.h */,
				7034F0B61BCFBA2700689FB0 /* LaunchScreen.xib */,
			);
			path = "AVOSPhotoWall-Swift";
			sourceTree = "<group>";
		};
		8C610DE019B43B84004A5E32 /* Supporting Files */ = {
			isa = PBXGroup;
			children = (
				8C610DE119B43B84004A5E32 /* Info.plist */,
			);
			name = "Supporting Files";
			sourceTree = "<group>";
		};
		A8718518C118675AAE7008C9 /* Frameworks */ = {
			isa = PBXGroup;
			children = (
				8C1AE3F3730C00E85D86D7B8 /* libPods-AVOSPhotoWall-Swift.a */,
			);
			name = Frameworks;
			sourceTree = "<group>";
		};
/* End PBXGroup section */

/* Begin PBXNativeTarget section */
		8C610DDC19B43B84004A5E32 /* AVOSPhotoWall-Swift */ = {
			isa = PBXNativeTarget;
			buildConfigurationList = 8C610DF919B43B84004A5E32 /* Build configuration list for PBXNativeTarget "AVOSPhotoWall-Swift" */;
			buildPhases = (
				1F5F6150038E5DEC2EC5ED6F /* Check Pods Manifest.lock */,
				8C610DD919B43B84004A5E32 /* Sources */,
				8C610DDA19B43B84004A5E32 /* Frameworks */,
				8C610DDB19B43B84004A5E32 /* Resources */,
				AA83D927A6C6411F8A6142DC /* Embed Pods Frameworks */,
				3993893C5CC015FC17AFB09C /* Copy Pods Resources */,
			);
			buildRules = (
			);
			dependencies = (
			);
			name = "AVOSPhotoWall-Swift";
			productName = "AVOSPhotoWall-Swift";
			productReference = 8C610DDD19B43B84004A5E32 /* AVOSPhotoWall-Swift.app */;
			productType = "com.apple.product-type.application";
		};
/* End PBXNativeTarget section */

/* Begin PBXProject section */
		8C610DD519B43B84004A5E32 /* Project object */ = {
			isa = PBXProject;
			attributes = {
				LastSwiftMigration = 0700;
				LastSwiftUpdateCheck = 0700;
				LastUpgradeCheck = 0600;
				ORGANIZATIONNAME = AVOS;
				TargetAttributes = {
					8C610DDC19B43B84004A5E32 = {
						CreatedOnToolsVersion = 6.0;
					};
				};
			};
			buildConfigurationList = 8C610DD819B43B84004A5E32 /* Build configuration list for PBXProject "AVOSPhotoWall-Swift" */;
			compatibilityVersion = "Xcode 3.2";
			developmentRegion = English;
			hasScannedForEncodings = 0;
			knownRegions = (
				en,
				Base,
			);
			mainGroup = 8C610DD419B43B84004A5E32;
			productRefGroup = 8C610DDE19B43B84004A5E32 /* Products */;
			projectDirPath = "";
			projectRoot = "";
			targets = (
				8C610DDC19B43B84004A5E32 /* AVOSPhotoWall-Swift */,
			);
		};
/* End PBXProject section */

/* Begin PBXResourcesBuildPhase section */
		8C610DDB19B43B84004A5E32 /* Resources */ = {
			isa = PBXResourcesBuildPhase;
			buildActionMask = 2147483647;
			files = (
				7034F0B71BCFBA2700689FB0 /* LaunchScreen.xib in Resources */,
				8C610DEA19B43B84004A5E32 /* Images.xcassets in Resources */,
			);
			runOnlyForDeploymentPostprocessing = 0;
		};
/* End PBXResourcesBuildPhase section */

/* Begin PBXShellScriptBuildPhase section */
		1F5F6150038E5DEC2EC5ED6F /* Check Pods Manifest.lock */ = {
			isa = PBXShellScriptBuildPhase;
			buildActionMask = 2147483647;
			files = (
			);
			inputPaths = (
			);
			name = "Check Pods Manifest.lock";
			outputPaths = (
			);
			runOnlyForDeploymentPostprocessing = 0;
			shellPath = /bin/sh;
			shellScript = "diff \"${PODS_ROOT}/../Podfile.lock\" \"${PODS_ROOT}/Manifest.lock\" > /dev/null\nif [[ $? != 0 ]] ; then\n    cat << EOM\nerror: The sandbox is not in sync with the Podfile.lock. Run 'pod install' or update your CocoaPods installation.\nEOM\n    exit 1\nfi\n";
			showEnvVarsInLog = 0;
		};
		3993893C5CC015FC17AFB09C /* Copy Pods Resources */ = {
			isa = PBXShellScriptBuildPhase;
			buildActionMask = 2147483647;
			files = (
			);
			inputPaths = (
			);
			name = "Copy Pods Resources";
			outputPaths = (
			);
			runOnlyForDeploymentPostprocessing = 0;
			shellPath = /bin/sh;
			shellScript = "\"${SRCROOT}/Pods/Target Support Files/Pods-AVOSPhotoWall-Swift/Pods-AVOSPhotoWall-Swift-resources.sh\"\n";
			showEnvVarsInLog = 0;
		};
		AA83D927A6C6411F8A6142DC /* Embed Pods Frameworks */ = {
			isa = PBXShellScriptBuildPhase;
			buildActionMask = 2147483647;
			files = (
			);
			inputPaths = (
			);
			name = "Embed Pods Frameworks";
			outputPaths = (
			);
			runOnlyForDeploymentPostprocessing = 0;
			shellPath = /bin/sh;
			shellScript = "\"${SRCROOT}/Pods/Target Support Files/Pods-AVOSPhotoWall-Swift/Pods-AVOSPhotoWall-Swift-frameworks.sh\"\n";
			showEnvVarsInLog = 0;
		};
/* End PBXShellScriptBuildPhase section */

/* Begin PBXSourcesBuildPhase section */
		8C610DD919B43B84004A5E32 /* Sources */ = {
			isa = PBXSourcesBuildPhase;
			buildActionMask = 2147483647;
			files = (
				8C610E0819B43C53004A5E32 /* LoginViewController.swift in Sources */,
				8C610E0619B43C53004A5E32 /* AppDelegate.swift in Sources */,
				8C610E0B19B43C53004A5E32 /* WallPicturesViewController.swift in Sources */,
				8C610E0A19B43C53004A5E32 /* UploadImageViewController.swift in Sources */,
				8C610E0719B43C53004A5E32 /* Constants.swift in Sources */,
				8C610E0919B43C53004A5E32 /* RegisterViewController.swift in Sources */,
			);
			runOnlyForDeploymentPostprocessing = 0;
		};
/* End PBXSourcesBuildPhase section */

/* Begin XCBuildConfiguration section */
		8C610DF719B43B84004A5E32 /* Debug */ = {
			isa = XCBuildConfiguration;
			buildSettings = {
				ALWAYS_SEARCH_USER_PATHS = NO;
				CLANG_CXX_LANGUAGE_STANDARD = "gnu++0x";
				CLANG_CXX_LIBRARY = "libc++";
				CLANG_ENABLE_MODULES = YES;
				CLANG_ENABLE_OBJC_ARC = YES;
				CLANG_WARN_BOOL_CONVERSION = YES;
				CLANG_WARN_CONSTANT_CONVERSION = YES;
				CLANG_WARN_DIRECT_OBJC_ISA_USAGE = YES_ERROR;
				CLANG_WARN_EMPTY_BODY = YES;
				CLANG_WARN_ENUM_CONVERSION = YES;
				CLANG_WARN_INT_CONVERSION = YES;
				CLANG_WARN_OBJC_ROOT_CLASS = YES_ERROR;
				CLANG_WARN_UNREACHABLE_CODE = YES;
				CLANG_WARN__DUPLICATE_METHOD_MATCH = YES;
				"CODE_SIGN_IDENTITY[sdk=iphoneos*]" = "iPhone Developer";
				COPY_PHASE_STRIP = NO;
				ENABLE_STRICT_OBJC_MSGSEND = YES;
				GCC_C_LANGUAGE_STANDARD = gnu99;
				GCC_DYNAMIC_NO_PIC = NO;
				GCC_OPTIMIZATION_LEVEL = 0;
				GCC_PREPROCESSOR_DEFINITIONS = (
					"DEBUG=1",
					"$(inherited)",
				);
				GCC_SYMBOLS_PRIVATE_EXTERN = NO;
				GCC_WARN_64_TO_32_BIT_CONVERSION = YES;
				GCC_WARN_ABOUT_RETURN_TYPE = YES_ERROR;
				GCC_WARN_UNDECLARED_SELECTOR = YES;
				GCC_WARN_UNINITIALIZED_AUTOS = YES_AGGRESSIVE;
				GCC_WARN_UNUSED_FUNCTION = YES;
				GCC_WARN_UNUSED_VARIABLE = YES;
				IPHONEOS_DEPLOYMENT_TARGET = 8.0;
				MTL_ENABLE_DEBUG_INFO = YES;
				ONLY_ACTIVE_ARCH = YES;
				SDKROOT = iphoneos;
				SWIFT_OPTIMIZATION_LEVEL = "-Onone";
			};
			name = Debug;
		};
		8C610DF819B43B84004A5E32 /* Release */ = {
			isa = XCBuildConfiguration;
			buildSettings = {
				ALWAYS_SEARCH_USER_PATHS = NO;
				CLANG_CXX_LANGUAGE_STANDARD = "gnu++0x";
				CLANG_CXX_LIBRARY = "libc++";
				CLANG_ENABLE_MODULES = YES;
				CLANG_ENABLE_OBJC_ARC = YES;
				CLANG_WARN_BOOL_CONVERSION = YES;
				CLANG_WARN_CONSTANT_CONVERSION = YES;
				CLANG_WARN_DIRECT_OBJC_ISA_USAGE = YES_ERROR;
				CLANG_WARN_EMPTY_BODY = YES;
				CLANG_WARN_ENUM_CONVERSION = YES;
				CLANG_WARN_INT_CONVERSION = YES;
				CLANG_WARN_OBJC_ROOT_CLASS = YES_ERROR;
				CLANG_WARN_UNREACHABLE_CODE = YES;
				CLANG_WARN__DUPLICATE_METHOD_MATCH = YES;
				"CODE_SIGN_IDENTITY[sdk=iphoneos*]" = "iPhone Developer";
				COPY_PHASE_STRIP = YES;
				ENABLE_NS_ASSERTIONS = NO;
				ENABLE_STRICT_OBJC_MSGSEND = YES;
				GCC_C_LANGUAGE_STANDARD = gnu99;
				GCC_WARN_64_TO_32_BIT_CONVERSION = YES;
				GCC_WARN_ABOUT_RETURN_TYPE = YES_ERROR;
				GCC_WARN_UNDECLARED_SELECTOR = YES;
				GCC_WARN_UNINITIALIZED_AUTOS = YES_AGGRESSIVE;
				GCC_WARN_UNUSED_FUNCTION = YES;
				GCC_WARN_UNUSED_VARIABLE = YES;
				IPHONEOS_DEPLOYMENT_TARGET = 8.0;
				MTL_ENABLE_DEBUG_INFO = NO;
				SDKROOT = iphoneos;
				VALIDATE_PRODUCT = YES;
			};
			name = Release;
		};
		8C610DFA19B43B84004A5E32 /* Debug */ = {
			isa = XCBuildConfiguration;
			baseConfigurationReference = C32D65F5F5E0ABE60D3CD369 /* Pods-AVOSPhotoWall-Swift.debug.xcconfig */;
			buildSettings = {
				ASSETCATALOG_COMPILER_APPICON_NAME = AppIcon;
				CLANG_ENABLE_MODULES = YES;
				FRAMEWORK_SEARCH_PATHS = (
					"$(inherited)",
					"$(PROJECT_DIR)/Frameworks",
				);
				INFOPLIST_FILE = "AVOSPhotoWall-Swift/Info.plist";
				IPHONEOS_DEPLOYMENT_TARGET = 8.0;
				LD_RUNPATH_SEARCH_PATHS = "$(inherited) @executable_path/Frameworks";
				PRODUCT_NAME = "$(TARGET_NAME)";
				SWIFT_OBJC_BRIDGING_HEADER = "AVOSPhotoWall-Swift/AVOSPhotoWall-Swift-Bridging-Header.h";
				SWIFT_OPTIMIZATION_LEVEL = "-Onone";
			};
			name = Debug;
		};
		8C610DFB19B43B84004A5E32 /* Release */ = {
			isa = XCBuildConfiguration;
			baseConfigurationReference = 1E8EA8860326E58B53AC9CB1 /* Pods-AVOSPhotoWall-Swift.release.xcconfig */;
			buildSettings = {
				ASSETCATALOG_COMPILER_APPICON_NAME = AppIcon;
				CLANG_ENABLE_MODULES = YES;
				FRAMEWORK_SEARCH_PATHS = (
					"$(inherited)",
					"$(PROJECT_DIR)/Frameworks",
				);
				INFOPLIST_FILE = "AVOSPhotoWall-Swift/Info.plist";
				IPHONEOS_DEPLOYMENT_TARGET = 8.0;
				LD_RUNPATH_SEARCH_PATHS = "$(inherited) @executable_path/Frameworks";
				PRODUCT_NAME = "$(TARGET_NAME)";
				SWIFT_OBJC_BRIDGING_HEADER = "AVOSPhotoWall-Swift/AVOSPhotoWall-Swift-Bridging-Header.h";
			};
			name = Release;
		};
/* End XCBuildConfiguration section */

/* Begin XCConfigurationList section */
		8C610DD819B43B84004A5E32 /* Build configuration list for PBXProject "AVOSPhotoWall-Swift" */ = {
			isa = XCConfigurationList;
			buildConfigurations = (
				8C610DF719B43B84004A5E32 /* Debug */,
				8C610DF819B43B84004A5E32 /* Release */,
			);
			defaultConfigurationIsVisible = 0;
			defaultConfigurationName = Release;
		};
		8C610DF919B43B84004A5E32 /* Build configuration list for PBXNativeTarget "AVOSPhotoWall-Swift" */ = {
			isa = XCConfigurationList;
			buildConfigurations = (
				8C610DFA19B43B84004A5E32 /* Debug */,
				8C610DFB19B43B84004A5E32 /* Release */,
			);
			defaultConfigurationIsVisible = 0;
			defaultConfigurationName = Release;
		};
/* End XCConfigurationList section */
	};
	rootObject = 8C610DD519B43B84004A5E32 /* Project object */;
}
